
Microsoft Visual Studio Solution File, Format Version 12.00
# Visual Studio 2012
Project("{FAE04EC0-301F-11D3-BF4B-00C04F79EFBC}") = "Dogen.TestModels.CSharpModel", "CSharpModel\Dogen.TestModels.CSharpModel.csproj", "{9E645ACD-C04A-4734-AB23-C3FCC0F7981B}"
EndProject
Project("{FAE04EC0-301F-11D3-BF4B-00C04F79EFBC}") = "Dogen.TestModels.CSharpModel.Tests", "CSharpModel.Tests\Dogen.TestModels.CSharpModel.Tests.csproj", "{761188D6-E48E-4795-BE2F-28C020E5BE8D}"
EndProject
Global
	GlobalSection(SolutionConfigurationPlatforms) = preSolution
		Debug|Any CPU = Debug|Any CPU
		Release|Any CPU = Release|Any CPU
	EndGlobalSection
	GlobalSection(ProjectConfigurationPlatforms) = postSolution
		{761188D6-E48E-4795-BE2F-28C020E5BE8D}.Debug|Any CPU.ActiveCfg = Debug|Any CPU
		{761188D6-E48E-4795-BE2F-28C020E5BE8D}.Debug|Any CPU.Build.0 = Debug|Any CPU
		{761188D6-E48E-4795-BE2F-28C020E5BE8D}.Release|Any CPU.ActiveCfg = Release|Any CPU
		{761188D6-E48E-4795-BE2F-28C020E5BE8D}.Release|Any CPU.Build.0 = Release|Any CPU
		{9E645ACD-C04A-4734-AB23-C3FCC0F7981B}.Debug|Any CPU.ActiveCfg = Debug|Any CPU
		{9E645ACD-C04A-4734-AB23-C3FCC0F7981B}.Debug|Any CPU.Build.0 = Debug|Any CPU
		{9E645ACD-C04A-4734-AB23-C3FCC0F7981B}.Release|Any CPU.ActiveCfg = Release|Any CPU
		{9E645ACD-C04A-4734-AB23-C3FCC0F7981B}.Release|Any CPU.Build.0 = Release|Any CPU
	EndGlobalSection
	GlobalSection(MonoDevelopProperties) = preSolution
		StartupItem = CSharpModel\Dogen.TestModels.CSharpModel.csproj
	EndGlobalSection
EndGlobal
