Microsoft Visual Studio Solution File, Format Version 12.00
# Visual Studio 2012
Project("{00000000-0000-0000-0000-000000000000}") = "dogen.test_models.all_path_and_directory_settings", "dogen.test_models.all_path_and_directory_settings.csproj", "{00000000-0000-0000-0000-000000000000}"
EndProject
Global
    GlobalSection(SolutionConfigurationPlatforms) = preSolution
        Debug|Any CPU = Debug|Any CPU
        Release|Any CPU = Release|Any CPU
    EndGlobalSection
    GlobalSection(ProjectConfigurationPlatforms) = postSolution
        {00000000-0000-0000-0000-000000000000}.Debug|Any CPU.ActiveCfg = Debug|Any CPU
        {00000000-0000-0000-0000-000000000000}.Debug|Any CPU.Build.0 = Debug|Any CPU
        {00000000-0000-0000-0000-000000000000}.Release|Any CPU.ActiveCfg = Release|Any CPU
        {00000000-0000-0000-0000-000000000000}.Release|Any CPU.Build.0 = Release|Any CPU
    EndGlobalSection
    GlobalSection(MonoDevelopProperties) = preSolution
        StartupItem = CSharpModel.csproj
    EndGlobalSection
EndGlobal
