Microsoft Visual Studio Solution File, Format Version 12.00
# Visual Studio 2012
Project("{3103CA57-FD70-4EC9-98BD-1C2C7360AF53}") = "dogen.test_models.cpp_model", "dogen.test_models.cpp_model.csproj", "{876B2828-8A0B-495F-8340-0357690162E4}"
EndProject
Global
    GlobalSection(SolutionConfigurationPlatforms) = preSolution
        Debug|Any CPU = Debug|Any CPU
        Release|Any CPU = Release|Any CPU
    EndGlobalSection
    GlobalSection(ProjectConfigurationPlatforms) = postSolution
        {876B2828-8A0B-495F-8340-0357690162E4}.Debug|Any CPU.ActiveCfg = Debug|Any CPU
        {876B2828-8A0B-495F-8340-0357690162E4}.Debug|Any CPU.Build.0 = Debug|Any CPU
        {876B2828-8A0B-495F-8340-0357690162E4}.Release|Any CPU.ActiveCfg = Release|Any CPU
        {876B2828-8A0B-495F-8340-0357690162E4}.Release|Any CPU.Build.0 = Release|Any CPU
    EndGlobalSection
    GlobalSection(MonoDevelopProperties) = preSolution
        StartupItem = CppModel.vcxroj
    EndGlobalSection
EndGlobal
